PODS:
  - FunctionalSwift (1.2.0)
  - OHHTTPStubs (8.0.0):
    - OHHTTPStubs/Default (= 8.0.0)
  - OHHTTPStubs/Core (8.0.0)
  - OHHTTPStubs/Default (8.0.0):
    - OHHTTPStubs/Core
    - OHHTTPStubs/JSON
    - OHHTTPStubs/NSURLSession
    - OHHTTPStubs/OHPathHelpers
  - OHHTTPStubs/JSON (8.0.0):
    - OHHTTPStubs/Core
  - OHHTTPStubs/NSURLSession (8.0.0):
    - OHHTTPStubs/Core
  - OHHTTPStubs/OHPathHelpers (8.0.0)
  - YooKassaWalletApi (2.2.0):
    - FunctionalSwift (~> 1.2.0)
    - YooMoneyCoreApi (~> 1.9.0)
  - YooMoneyCoreApi (1.9.0):
    - FunctionalSwift (~> 1.2.0)
  - YooMoneyTestInstrumentsApi (2.0.0):
    - FunctionalSwift (~> 1.2.0)
    - OHHTTPStubs (~> 8.0.0)
    - YooMoneyCoreApi (~> 1.9.0)

DEPENDENCIES:
  - YooKassaWalletApi (from `./`)
  - YooMoneyTestInstrumentsApi (~> 2.0.0)

SPEC REPOS:
  https://github.com/CocoaPods/Specs.git:
    - FunctionalSwift
    - OHHTTPStubs
    - YooMoneyCoreApi
    - YooMoneyTestInstrumentsApi

EXTERNAL SOURCES:
  YooKassaWalletApi:
    :path: "./"

SPEC CHECKSUMS:
  FunctionalSwift: 1b839fcf50b8db067885938df54f818518356dbb
  OHHTTPStubs: 9cbce6364bec557cc3439aa6bb7514670d780881
  YooKassaWalletApi: 5fa5f93ebd08d926f8f4adaa5f50863ce6602013
  YooMoneyCoreApi: 4f40673a79d11e95af850bb97f264995ac47a873
  YooMoneyTestInstrumentsApi: dab803d47c0f72909719cb53319d25491d0aaba1

PODFILE CHECKSUM: 922feacc9e780e0ca9bcda7ef7ce52cb24761115

COCOAPODS: 1.10.0
